{
  "name": "ownreact",
  "version": "1.0.0",
  "lockfileVersion": 2,
  "requires": true,
  "packages": {
    "": {
      "version": "1.0.0",
      "license": "ISC",
      "devDependencies": {
        "@types/requestidlecallback": "^0.3.1",
        "typescript": "^4.1.4"
      }
    },
    "node_modules/@types/requestidlecallback": {
      "version": "0.3.1",
      "resolved": "https://registry.npmjs.org/@types/requestidlecallback/-/requestidlecallback-0.3.1.tgz",
      "integrity": "sha512-BnnRkgWYijCIndUn+LgoqKHX/hNpJC5G03B9y7mZya/C2gUQTSn75fEj3ZP1/Rl2E6EYeXh2/7/8UNEZ4X7HuQ==",
      "dev": true
    },
    "node_modules/typescript": {
      "version": "4.1.4",
      "resolved": "https://registry.npmjs.org/typescript/-/typescript-4.1.4.tgz",
      "integrity": "sha512-+Uru0t8qIRgjuCpiSPpfGuhHecMllk5Zsazj5LZvVsEStEjmIRRBZe+jHjGQvsgS7M1wONy2PQXd67EMyV6acg==",
      "dev": true,
      "bin": {
        "tsc": "bin/tsc",
        "tsserver": "bin/tsserver"
      },
      "engines": {
        "node": ">=4.2.0"
      }
    }
  },
  "dependencies": {
    "@types/requestidlecallback": {
      "version": "0.3.1",
      "resolved": "https://registry.npmjs.org/@types/requestidlecallback/-/requestidlecallback-0.3.1.tgz",
      "integrity": "sha512-BnnRkgWYijCIndUn+LgoqKHX/hNpJC5G03B9y7mZya/C2gUQTSn75fEj3ZP1/Rl2E6EYeXh2/7/8UNEZ4X7HuQ==",
      "dev": true
    },
    "typescript": {
      "version": "4.1.4",
      "resolved": "https://registry.npmjs.org/typescript/-/typescript-4.1.4.tgz",
      "integrity": "sha512-+Uru0t8qIRgjuCpiSPpfGuhHecMllk5Zsazj5LZvVsEStEjmIRRBZe+jHjGQvsgS7M1wONy2PQXd67EMyV6acg==",
      "dev": true
    }
  }
}
